github.com/gurparit/go-common v0.0.1 h1:4pAngNkAb6ZF2yGwuYnptSrYRjhm2XK9hcM3x2w+vb4=
github.com/gurparit/go-common v0.0.1/go.mod h1:jhVfp3hDq9bBIm1RAe8SVrPFhBdVWdwmbQ2dJRtR7Xg=
github.com/gurparit/go-ircevent v0.3.0 h1:yVx47L6LnRxwlyMOhgS2BxB+TjQof6pKXglJz3Pu3bI=
github.com/gurparit/go-ircevent v0.3.0/go.mod h1:M8SX0MLxTS2uE2ycrqi2lMqBcn/Haxww9Ux3ta0L/nU=
github.com/pkg/errors v0.8.0/go.mod h1:bwawxfHBFNV+L2hUp1rHADufV3IMtnDRdf1r5NINEl0=
